
Microsoft Visual Studio Solution File, Format Version 12.00
# Visual Studio 15
VisualStudioVersion = 15.0.28307.168
MinimumVisualStudioVersion = 10.0.40219.1
Project("{9A19103F-16F7-4668-BE54-9A1E7A4F7556}") = "MVPizza", "MVPizza\MVPizza.csproj", "{A37F75EE-2301-407E-BD46-DCBE7EDCF455}"
EndProject
Project("{FAE04EC0-301F-11D3-BF4B-00C04F79EFBC}") = "MVPizza.DataAccess", "MVPizza.DataAccess\MVPizza.DataAccess.csproj", "{1FAEE1E0-026D-4E85-89EF-03AA015D11A1}"
EndProject
Global
	GlobalSection(SolutionConfigurationPlatforms) = preSolution
		Debug|Any CPU = Debug|Any CPU
		Release|Any CPU = Release|Any CPU
	EndGlobalSection
	GlobalSection(ProjectConfigurationPlatforms) = postSolution
		{A37F75EE-2301-407E-BD46-DCBE7EDCF455}.Debug|Any CPU.ActiveCfg = Debug|Any CPU
		{A37F75EE-2301-407E-BD46-DCBE7EDCF455}.Debug|Any CPU.Build.0 = Debug|Any CPU
		{A37F75EE-2301-407E-BD46-DCBE7EDCF455}.Release|Any CPU.ActiveCfg = Release|Any CPU
		{A37F75EE-2301-407E-BD46-DCBE7EDCF455}.Release|Any CPU.Build.0 = Release|Any CPU
		{1FAEE1E0-026D-4E85-89EF-03AA015D11A1}.Debug|Any CPU.ActiveCfg = Debug|Any CPU
		{1FAEE1E0-026D-4E85-89EF-03AA015D11A1}.Debug|Any CPU.Build.0 = Debug|Any CPU
		{1FAEE1E0-026D-4E85-89EF-03AA015D11A1}.Release|Any CPU.ActiveCfg = Release|Any CPU
		{1FAEE1E0-026D-4E85-89EF-03AA015D11A1}.Release|Any CPU.Build.0 = Release|Any CPU
	EndGlobalSection
	GlobalSection(SolutionProperties) = preSolution
		HideSolutionNode = FALSE
	EndGlobalSection
	GlobalSection(ExtensibilityGlobals) = postSolution
		SolutionGuid = {DB179B76-DD07-4CA7-ACA7-AE7710F578F0}
	EndGlobalSection
EndGlobal
